
Microsoft Visual Studio Solution File, Format Version 12.00
# Visual Studio 15
VisualStudioVersion = 15.0.28307.539
MinimumVisualStudioVersion = 10.0.40219.1
Project("{FAE04EC0-301F-11D3-BF4B-00C04F79EFBC}") = "aspnet-core", "aspnet-core\aspnet-core.csproj", "{33455E10-8B31-483D-ABA5-79892B8DEA36}"
EndProject
Global
	GlobalSection(SolutionConfigurationPlatforms) = preSolution
		Debug|Any CPU = Debug|Any CPU
		Release|Any CPU = Release|Any CPU
	EndGlobalSection
	GlobalSection(ProjectConfigurationPlatforms) = postSolution
		{33455E10-8B31-483D-ABA5-79892B8DEA36}.Debug|Any CPU.ActiveCfg = Debug|Any CPU
		{33455E10-8B31-483D-ABA5-79892B8DEA36}.Debug|Any CPU.Build.0 = Debug|Any CPU
		{33455E10-8B31-483D-ABA5-79892B8DEA36}.Release|Any CPU.ActiveCfg = Release|Any CPU
		{33455E10-8B31-483D-ABA5-79892B8DEA36}.Release|Any CPU.Build.0 = Release|Any CPU
	EndGlobalSection
	GlobalSection(SolutionProperties) = preSolution
		HideSolutionNode = FALSE
	EndGlobalSection
	GlobalSection(ExtensibilityGlobals) = postSolution
		SolutionGuid = {43F01090-04E2-4CE7-9D7D-E8A8944D8772}
	EndGlobalSection
EndGlobal
